// !$*UTF8*$!
{
	archiveVersion = 1;
	classes = {
	};
	objectVersion = 55;
	objects = {

/* Begin PBXBuildFile section */
		5B24DF43288E70AF0092A150 /* SocialNetClientSwiftUIApp.swift in Sources */ = {isa = PBXBuildFile; fileRef = 5B24DF42288E70AF0092A150 /* SocialNetClientSwiftUIApp.swift */; };
		5B24DF47288E70B00092A150 /* Assets.xcassets in Resources */ = {isa = PBXBuildFile; fileRef = 5B24DF46288E70B00092A150 /* Assets.xcassets */; };
		5B24DF4A288E70B00092A150 /* Preview Assets.xcassets in Resources */ = {isa = PBXBuildFile; fileRef = 5B24DF49288E70B00092A150 /* Preview Assets.xcassets */; };
		5B33214A289837E900900141 /* LoginFormView.swift in Sources */ = {isa = PBXBuildFile; fileRef = 5B332149289837E900900141 /* LoginFormView.swift */; };
		5B33214C289837F700900141 /* SignUpFormView.swift in Sources */ = {isa = PBXBuildFile; fileRef = 5B33214B289837F700900141 /* SignUpFormView.swift */; };
		5B332150289856B300900141 /* MainTabBar.swift in Sources */ = {isa = PBXBuildFile; fileRef = 5B33214F289856B300900141 /* MainTabBar.swift */; };
		5B33215628991CD100900141 /* FriendsView.swift in Sources */ = {isa = PBXBuildFile; fileRef = 5B33215528991CD100900141 /* FriendsView.swift */; };
		5B33215828991CDC00900141 /* GroupsView.swift in Sources */ = {isa = PBXBuildFile; fileRef = 5B33215728991CDC00900141 /* GroupsView.swift */; };
		5B33215A28991CE400900141 /* NewsView.swift in Sources */ = {isa = PBXBuildFile; fileRef = 5B33215928991CE400900141 /* NewsView.swift */; };
		5B33215C2899210600900141 /* FriendCell.swift in Sources */ = {isa = PBXBuildFile; fileRef = 5B33215B2899210600900141 /* FriendCell.swift */; };
		5B33215F2899284B00900141 /* AvatarView.swift in Sources */ = {isa = PBXBuildFile; fileRef = 5B33215E2899284B00900141 /* AvatarView.swift */; };
		5B3321612899292300900141 /* GroupCell.swift in Sources */ = {isa = PBXBuildFile; fileRef = 5B3321602899292300900141 /* GroupCell.swift */; };
		5B33216428993A4D00900141 /* MainNavigationView.swift in Sources */ = {isa = PBXBuildFile; fileRef = 5B33216328993A4D00900141 /* MainNavigationView.swift */; };
		5B3321672899436200900141 /* Friend.swift in Sources */ = {isa = PBXBuildFile; fileRef = 5B3321662899436200900141 /* Friend.swift */; };
		5BB64BAF2893B36800696962 /* AuthorizationView.swift in Sources */ = {isa = PBXBuildFile; fileRef = 5BB64BAE2893B36800696962 /* AuthorizationView.swift */; };
/* End PBXBuildFile section */

/* Begin PBXFileReference section */
		5B24DF3F288E70AF0092A150 /* SocialNetClientSwiftUI.app */ = {isa = PBXFileReference; explicitFileType = wrapper.application; includeInIndex = 0; path = SocialNetClientSwiftUI.app; sourceTree = BUILT_PRODUCTS_DIR; };
		5B24DF42288E70AF0092A150 /* SocialNetClientSwiftUIApp.swift */ = {isa = PBXFileReference; lastKnownFileType = sourcecode.swift; path = SocialNetClientSwiftUIApp.swift; sourceTree = "<group>"; };
		5B24DF46288E70B00092A150 /* Assets.xcassets */ = {isa = PBXFileReference; lastKnownFileType = folder.assetcatalog; path = Assets.xcassets; sourceTree = "<group>"; };
		5B24DF49288E70B00092A150 /* Preview Assets.xcassets */ = {isa = PBXFileReference; lastKnownFileType = folder.assetcatalog; path = "Preview Assets.xcassets"; sourceTree = "<group>"; };
		5B332149289837E900900141 /* LoginFormView.swift */ = {isa = PBXFileReference; lastKnownFileType = sourcecode.swift; path = LoginFormView.swift; sourceTree = "<group>"; };
		5B33214B289837F700900141 /* SignUpFormView.swift */ = {isa = PBXFileReference; lastKnownFileType = sourcecode.swift; path = SignUpFormView.swift; sourceTree = "<group>"; };
		5B33214F289856B300900141 /* MainTabBar.swift */ = {isa = PBXFileReference; lastKnownFileType = sourcecode.swift; path = MainTabBar.swift; sourceTree = "<group>"; };
		5B33215528991CD100900141 /* FriendsView.swift */ = {isa = PBXFileReference; lastKnownFileType = sourcecode.swift; path = FriendsView.swift; sourceTree = "<group>"; };
		5B33215728991CDC00900141 /* GroupsView.swift */ = {isa = PBXFileReference; lastKnownFileType = sourcecode.swift; path = GroupsView.swift; sourceTree = "<group>"; };
		5B33215928991CE400900141 /* NewsView.swift */ = {isa = PBXFileReference; lastKnownFileType = sourcecode.swift; path = NewsView.swift; sourceTree = "<group>"; };
		5B33215B2899210600900141 /* FriendCell.swift */ = {isa = PBXFileReference; lastKnownFileType = sourcecode.swift; path = FriendCell.swift; sourceTree = "<group>"; };
		5B33215E2899284B00900141 /* AvatarView.swift */ = {isa = PBXFileReference; lastKnownFileType = sourcecode.swift; path = AvatarView.swift; sourceTree = "<group>"; };
		5B3321602899292300900141 /* GroupCell.swift */ = {isa = PBXFileReference; lastKnownFileType = sourcecode.swift; path = GroupCell.swift; sourceTree = "<group>"; };
		5B33216328993A4D00900141 /* MainNavigationView.swift */ = {isa = PBXFileReference; lastKnownFileType = sourcecode.swift; path = MainNavigationView.swift; sourceTree = "<group>"; };
		5B3321662899436200900141 /* Friend.swift */ = {isa = PBXFileReference; lastKnownFileType = sourcecode.swift; path = Friend.swift; sourceTree = "<group>"; };
		5BB64BAE2893B36800696962 /* AuthorizationView.swift */ = {isa = PBXFileReference; lastKnownFileType = sourcecode.swift; path = AuthorizationView.swift; sourceTree = "<group>"; };
/* End PBXFileReference section */

/* Begin PBXFrameworksBuildPhase section */
		5B24DF3C288E70AF0092A150 /* Frameworks */ = {
			isa = PBXFrameworksBuildPhase;
			buildActionMask = 2147483647;
			files = (
			);
			runOnlyForDeploymentPostprocessing = 0;
		};
/* End PBXFrameworksBuildPhase section */

/* Begin PBXGroup section */
		5B24DF36288E70AF0092A150 = {
			isa = PBXGroup;
			children = (
				5B24DF41288E70AF0092A150 /* SocialNetClientSwiftUI */,
				5B24DF40288E70AF0092A150 /* Products */,
			);
			sourceTree = "<group>";
		};
		5B24DF40288E70AF0092A150 /* Products */ = {
			isa = PBXGroup;
			children = (
				5B24DF3F288E70AF0092A150 /* SocialNetClientSwiftUI.app */,
			);
			name = Products;
			sourceTree = "<group>";
		};
		5B24DF41288E70AF0092A150 /* SocialNetClientSwiftUI */ = {
			isa = PBXGroup;
			children = (
				5B3321652899434F00900141 /* ViewModels */,
				5BB64BB22893B38200696962 /* Core */,
				5BB64BB12893B37600696962 /* Screens */,
				5B33216228993A3F00900141 /* Navigation */,
				5B33215D2899283A00900141 /* Views */,
				5BB64BB32893B3A100696962 /* Assets */,
			);
			path = SocialNetClientSwiftUI;
			sourceTree = "<group>";
		};
		5B24DF48288E70B00092A150 /* Preview Content */ = {
			isa = PBXGroup;
			children = (
				5B24DF49288E70B00092A150 /* Preview Assets.xcassets */,
			);
			path = "Preview Content";
			sourceTree = "<group>";
		};
		5B332151289856BD00900141 /* MainTabBar */ = {
			isa = PBXGroup;
			children = (
				5B33214F289856B300900141 /* MainTabBar.swift */,
			);
			path = MainTabBar;
			sourceTree = "<group>";
		};
		5B33215228991C9A00900141 /* Friends */ = {
			isa = PBXGroup;
			children = (
				5B33215B2899210600900141 /* FriendCell.swift */,
				5B33215528991CD100900141 /* FriendsView.swift */,
			);
			path = Friends;
			sourceTree = "<group>";
		};
		5B33215328991CA400900141 /* Groups */ = {
			isa = PBXGroup;
			children = (
				5B3321602899292300900141 /* GroupCell.swift */,
				5B33215728991CDC00900141 /* GroupsView.swift */,
			);
			path = Groups;
			sourceTree = "<group>";
		};
		5B33215428991CAA00900141 /* News */ = {
			isa = PBXGroup;
			children = (
				5B33215928991CE400900141 /* NewsView.swift */,
			);
			path = News;
			sourceTree = "<group>";
		};
		5B33215D2899283A00900141 /* Views */ = {
			isa = PBXGroup;
			children = (
				5B33215E2899284B00900141 /* AvatarView.swift */,
			);
			path = Views;
			sourceTree = "<group>";
		};
		5B33216228993A3F00900141 /* Navigation */ = {
			isa = PBXGroup;
			children = (
				5B33216328993A4D00900141 /* MainNavigationView.swift */,
			);
			path = Navigation;
			sourceTree = "<group>";
		};
		5B3321652899434F00900141 /* ViewModels */ = {
			isa = PBXGroup;
			children = (
				5B3321662899436200900141 /* Friend.swift */,
			);
			name = ViewModels;
			sourceTree = "<group>";
		};
		5BB64BB02893B36E00696962 /* Login */ = {
			isa = PBXGroup;
			children = (
				5BB64BAE2893B36800696962 /* AuthorizationView.swift */,
				5B332149289837E900900141 /* LoginFormView.swift */,
				5B33214B289837F700900141 /* SignUpFormView.swift */,
			);
			path = Login;
			sourceTree = "<group>";
		};
		5BB64BB12893B37600696962 /* Screens */ = {
			isa = PBXGroup;
			children = (
				5BB64BB02893B36E00696962 /* Login */,
				5B332151289856BD00900141 /* MainTabBar */,
				5B33215228991C9A00900141 /* Friends */,
				5B33215328991CA400900141 /* Groups */,
				5B33215428991CAA00900141 /* News */,
			);
			path = Screens;
			sourceTree = "<group>";
		};
		5BB64BB22893B38200696962 /* Core */ = {
			isa = PBXGroup;
			children = (
				5B24DF42288E70AF0092A150 /* SocialNetClientSwiftUIApp.swift */,
			);
			path = Core;
			sourceTree = "<group>";
		};
		5BB64BB32893B3A100696962 /* Assets */ = {
			isa = PBXGroup;
			children = (
				5B24DF46288E70B00092A150 /* Assets.xcassets */,
				5B24DF48288E70B00092A150 /* Preview Content */,
			);
			path = Assets;
			sourceTree = "<group>";
		};
/* End PBXGroup section */

/* Begin PBXNativeTarget section */
		5B24DF3E288E70AF0092A150 /* SocialNetClientSwiftUI */ = {
			isa = PBXNativeTarget;
			buildConfigurationList = 5B24DF4D288E70B00092A150 /* Build configuration list for PBXNativeTarget "SocialNetClientSwiftUI" */;
			buildPhases = (
				5B24DF3B288E70AF0092A150 /* Sources */,
				5B24DF3C288E70AF0092A150 /* Frameworks */,
				5B24DF3D288E70AF0092A150 /* Resources */,
			);
			buildRules = (
			);
			dependencies = (
			);
			name = SocialNetClientSwiftUI;
			productName = SocialNetClientSwiftUI;
			productReference = 5B24DF3F288E70AF0092A150 /* SocialNetClientSwiftUI.app */;
			productType = "com.apple.product-type.application";
		};
/* End PBXNativeTarget section */

/* Begin PBXProject section */
		5B24DF37288E70AF0092A150 /* Project object */ = {
			isa = PBXProject;
			attributes = {
				BuildIndependentTargetsInParallel = 1;
				LastSwiftUpdateCheck = 1340;
				LastUpgradeCheck = 1340;
				TargetAttributes = {
					5B24DF3E288E70AF0092A150 = {
						CreatedOnToolsVersion = 13.4.1;
					};
				};
			};
			buildConfigurationList = 5B24DF3A288E70AF0092A150 /* Build configuration list for PBXProject "SocialNetClientSwiftUI" */;
			compatibilityVersion = "Xcode 13.0";
			developmentRegion = en;
			hasScannedForEncodings = 0;
			knownRegions = (
				en,
				Base,
			);
			mainGroup = 5B24DF36288E70AF0092A150;
			productRefGroup = 5B24DF40288E70AF0092A150 /* Products */;
			projectDirPath = "";
			projectRoot = "";
			targets = (
				5B24DF3E288E70AF0092A150 /* SocialNetClientSwiftUI */,
			);
		};
/* End PBXProject section */

/* Begin PBXResourcesBuildPhase section */
		5B24DF3D288E70AF0092A150 /* Resources */ = {
			isa = PBXResourcesBuildPhase;
			buildActionMask = 2147483647;
			files = (
				5B24DF4A288E70B00092A150 /* Preview Assets.xcassets in Resources */,
				5B24DF47288E70B00092A150 /* Assets.xcassets in Resources */,
			);
			runOnlyForDeploymentPostprocessing = 0;
		};
/* End PBXResourcesBuildPhase section */

/* Begin PBXSourcesBuildPhase section */
		5B24DF3B288E70AF0092A150 /* Sources */ = {
			isa = PBXSourcesBuildPhase;
			buildActionMask = 2147483647;
			files = (
				5B33215628991CD100900141 /* FriendsView.swift in Sources */,
				5B33215C2899210600900141 /* FriendCell.swift in Sources */,
				5B33215A28991CE400900141 /* NewsView.swift in Sources */,
				5B33215F2899284B00900141 /* AvatarView.swift in Sources */,
				5B3321612899292300900141 /* GroupCell.swift in Sources */,
				5BB64BAF2893B36800696962 /* AuthorizationView.swift in Sources */,
				5B33214C289837F700900141 /* SignUpFormView.swift in Sources */,
				5B33216428993A4D00900141 /* MainNavigationView.swift in Sources */,
				5B33214A289837E900900141 /* LoginFormView.swift in Sources */,
				5B332150289856B300900141 /* MainTabBar.swift in Sources */,
				5B33215828991CDC00900141 /* GroupsView.swift in Sources */,
				5B3321672899436200900141 /* Friend.swift in Sources */,
				5B24DF43288E70AF0092A150 /* SocialNetClientSwiftUIApp.swift in Sources */,
			);
			runOnlyForDeploymentPostprocessing = 0;
		};
/* End PBXSourcesBuildPhase section */

/* Begin XCBuildConfiguration section */
		5B24DF4B288E70B00092A150 /* Debug */ = {
			isa = XCBuildConfiguration;
			buildSettings = {
				ALWAYS_SEARCH_USER_PATHS = NO;
				CLANG_ANALYZER_NONNULL = YES;
				CLANG_ANALYZER_NUMBER_OBJECT_CONVERSION = YES_AGGRESSIVE;
				CLANG_CXX_LANGUAGE_STANDARD = "gnu++17";
				CLANG_ENABLE_MODULES = YES;
				CLANG_ENABLE_OBJC_ARC = YES;
				CLANG_ENABLE_OBJC_WEAK = YES;
				CLANG_WARN_BLOCK_CAPTURE_AUTORELEASING = YES;
				CLANG_WARN_BOOL_CONVERSION = YES;
				CLANG_WARN_COMMA = YES;
				CLANG_WARN_CONSTANT_CONVERSION = YES;
				CLANG_WARN_DEPRECATED_OBJC_IMPLEMENTATIONS = YES;
				CLANG_WARN_DIRECT_OBJC_ISA_USAGE = YES_ERROR;
				CLANG_WARN_DOCUMENTATION_COMMENTS = YES;
				CLANG_WARN_EMPTY_BODY = YES;
				CLANG_WARN_ENUM_CONVERSION = YES;
				CLANG_WARN_INFINITE_RECURSION = YES;
				CLANG_WARN_INT_CONVERSION = YES;
				CLANG_WARN_NON_LITERAL_NULL_CONVERSION = YES;
				CLANG_WARN_OBJC_IMPLICIT_RETAIN_SELF = YES;
				CLANG_WARN_OBJC_LITERAL_CONVERSION = YES;
				CLANG_WARN_OBJC_ROOT_CLASS = YES_ERROR;
				CLANG_WARN_QUOTED_INCLUDE_IN_FRAMEWORK_HEADER = YES;
				CLANG_WARN_RANGE_LOOP_ANALYSIS = YES;
				CLANG_WARN_STRICT_PROTOTYPES = YES;
				CLANG_WARN_SUSPICIOUS_MOVE = YES;
				CLANG_WARN_UNGUARDED_AVAILABILITY = YES_AGGRESSIVE;
				CLANG_WARN_UNREACHABLE_CODE = YES;
				CLANG_WARN__DUPLICATE_METHOD_MATCH = YES;
				COPY_PHASE_STRIP = NO;
				DEBUG_INFORMATION_FORMAT = dwarf;
				ENABLE_STRICT_OBJC_MSGSEND = YES;
				ENABLE_TESTABILITY = YES;
				GCC_C_LANGUAGE_STANDARD = gnu11;
				GCC_DYNAMIC_NO_PIC = NO;
				GCC_NO_COMMON_BLOCKS = YES;
				GCC_OPTIMIZATION_LEVEL = 0;
				GCC_PREPROCESSOR_DEFINITIONS = (
					"DEBUG=1",
					"$(inherited)",
				);
				GCC_WARN_64_TO_32_BIT_CONVERSION = YES;
				GCC_WARN_ABOUT_RETURN_TYPE = YES_ERROR;
				GCC_WARN_UNDECLARED_SELECTOR = YES;
				GCC_WARN_UNINITIALIZED_AUTOS = YES_AGGRESSIVE;
				GCC_WARN_UNUSED_FUNCTION = YES;
				GCC_WARN_UNUSED_VARIABLE = YES;
				IPHONEOS_DEPLOYMENT_TARGET = 15.5;
				MTL_ENABLE_DEBUG_INFO = INCLUDE_SOURCE;
				MTL_FAST_MATH = YES;
				ONLY_ACTIVE_ARCH = YES;
				SDKROOT = iphoneos;
				SWIFT_ACTIVE_COMPILATION_CONDITIONS = DEBUG;
				SWIFT_OPTIMIZATION_LEVEL = "-Onone";
			};
			name = Debug;
		};
		5B24DF4C288E70B00092A150 /* Release */ = {
			isa = XCBuildConfiguration;
			buildSettings = {
				ALWAYS_SEARCH_USER_PATHS = NO;
				CLANG_ANALYZER_NONNULL = YES;
				CLANG_ANALYZER_NUMBER_OBJECT_CONVERSION = YES_AGGRESSIVE;
				CLANG_CXX_LANGUAGE_STANDARD = "gnu++17";
				CLANG_ENABLE_MODULES = YES;
				CLANG_ENABLE_OBJC_ARC = YES;
				CLANG_ENABLE_OBJC_WEAK = YES;
				CLANG_WARN_BLOCK_CAPTURE_AUTORELEASING = YES;
				CLANG_WARN_BOOL_CONVERSION = YES;
				CLANG_WARN_COMMA = YES;
				CLANG_WARN_CONSTANT_CONVERSION = YES;
				CLANG_WARN_DEPRECATED_OBJC_IMPLEMENTATIONS = YES;
				CLANG_WARN_DIRECT_OBJC_ISA_USAGE = YES_ERROR;
				CLANG_WARN_DOCUMENTATION_COMMENTS = YES;
				CLANG_WARN_EMPTY_BODY = YES;
				CLANG_WARN_ENUM_CONVERSION = YES;
				CLANG_WARN_INFINITE_RECURSION = YES;
				CLANG_WARN_INT_CONVERSION = YES;
				CLANG_WARN_NON_LITERAL_NULL_CONVERSION = YES;
				CLANG_WARN_OBJC_IMPLICIT_RETAIN_SELF = YES;
				CLANG_WARN_OBJC_LITERAL_CONVERSION = YES;
				CLANG_WARN_OBJC_ROOT_CLASS = YES_ERROR;
				CLANG_WARN_QUOTED_INCLUDE_IN_FRAMEWORK_HEADER = YES;
				CLANG_WARN_RANGE_LOOP_ANALYSIS = YES;
				CLANG_WARN_STRICT_PROTOTYPES = YES;
				CLANG_WARN_SUSPICIOUS_MOVE = YES;
				CLANG_WARN_UNGUARDED_AVAILABILITY = YES_AGGRESSIVE;
				CLANG_WARN_UNREACHABLE_CODE = YES;
				CLANG_WARN__DUPLICATE_METHOD_MATCH = YES;
				COPY_PHASE_STRIP = NO;
				DEBUG_INFORMATION_FORMAT = "dwarf-with-dsym";
				ENABLE_NS_ASSERTIONS = NO;
				ENABLE_STRICT_OBJC_MSGSEND = YES;
				GCC_C_LANGUAGE_STANDARD = gnu11;
				GCC_NO_COMMON_BLOCKS = YES;
				GCC_WARN_64_TO_32_BIT_CONVERSION = YES;
				GCC_WARN_ABOUT_RETURN_TYPE = YES_ERROR;
				GCC_WARN_UNDECLARED_SELECTOR = YES;
				GCC_WARN_UNINITIALIZED_AUTOS = YES_AGGRESSIVE;
				GCC_WARN_UNUSED_FUNCTION = YES;
				GCC_WARN_UNUSED_VARIABLE = YES;
				IPHONEOS_DEPLOYMENT_TARGET = 15.5;
				MTL_ENABLE_DEBUG_INFO = NO;
				MTL_FAST_MATH = YES;
				SDKROOT = iphoneos;
				SWIFT_COMPILATION_MODE = wholemodule;
				SWIFT_OPTIMIZATION_LEVEL = "-O";
				VALIDATE_PRODUCT = YES;
			};
			name = Release;
		};
		5B24DF4E288E70B00092A150 /* Debug */ = {
			isa = XCBuildConfiguration;
			buildSettings = {
				ASSETCATALOG_COMPILER_APPICON_NAME = AppIcon;
				ASSETCATALOG_COMPILER_GLOBAL_ACCENT_COLOR_NAME = AccentColor;
				CODE_SIGN_STYLE = Automatic;
				CURRENT_PROJECT_VERSION = 1;
				DEVELOPMENT_ASSET_PATHS = "\"SocialNetClientSwiftUI/Assets/Preview Content\"";
				DEVELOPMENT_TEAM = GTWUX2NLLN;
				ENABLE_PREVIEWS = YES;
				GENERATE_INFOPLIST_FILE = YES;
				INFOPLIST_KEY_UIApplicationSceneManifest_Generation = YES;
				INFOPLIST_KEY_UIApplicationSupportsIndirectInputEvents = YES;
				INFOPLIST_KEY_UILaunchScreen_Generation = YES;
				INFOPLIST_KEY_UISupportedInterfaceOrientations_iPad = "UIInterfaceOrientationPortrait UIInterfaceOrientationPortraitUpsideDown UIInterfaceOrientationLandscapeLeft UIInterfaceOrientationLandscapeRight";
				INFOPLIST_KEY_UISupportedInterfaceOrientations_iPhone = "UIInterfaceOrientationPortrait UIInterfaceOrientationLandscapeLeft UIInterfaceOrientationLandscapeRight";
				LD_RUNPATH_SEARCH_PATHS = (
					"$(inherited)",
					"@executable_path/Frameworks",
				);
				MARKETING_VERSION = 1.0;
				PRODUCT_BUNDLE_IDENTIFIER = com.angolov.SocialNetClientSwiftUI;
				PRODUCT_NAME = "$(TARGET_NAME)";
				SWIFT_EMIT_LOC_STRINGS = YES;
				SWIFT_VERSION = 5.0;
				TARGETED_DEVICE_FAMILY = "1,2";
			};
			name = Debug;
		};
		5B24DF4F288E70B00092A150 /* Release */ = {
			isa = XCBuildConfiguration;
			buildSettings = {
				ASSETCATALOG_COMPILER_APPICON_NAME = AppIcon;
				ASSETCATALOG_COMPILER_GLOBAL_ACCENT_COLOR_NAME = AccentColor;
				CODE_SIGN_STYLE = Automatic;
				CURRENT_PROJECT_VERSION = 1;
				DEVELOPMENT_ASSET_PATHS = "\"SocialNetClientSwiftUI/Assets/Preview Content\"";
				DEVELOPMENT_TEAM = GTWUX2NLLN;
				ENABLE_PREVIEWS = YES;
				GENERATE_INFOPLIST_FILE = YES;
				INFOPLIST_KEY_UIApplicationSceneManifest_Generation = YES;
				INFOPLIST_KEY_UIApplicationSupportsIndirectInputEvents = YES;
				INFOPLIST_KEY_UILaunchScreen_Generation = YES;
				INFOPLIST_KEY_UISupportedInterfaceOrientations_iPad = "UIInterfaceOrientationPortrait UIInterfaceOrientationPortraitUpsideDown UIInterfaceOrientationLandscapeLeft UIInterfaceOrientationLandscapeRight";
				INFOPLIST_KEY_UISupportedInterfaceOrientations_iPhone = "UIInterfaceOrientationPortrait UIInterfaceOrientationLandscapeLeft UIInterfaceOrientationLandscapeRight";
				LD_RUNPATH_SEARCH_PATHS = (
					"$(inherited)",
					"@executable_path/Frameworks",
				);
				MARKETING_VERSION = 1.0;
				PRODUCT_BUNDLE_IDENTIFIER = com.angolov.SocialNetClientSwiftUI;
				PRODUCT_NAME = "$(TARGET_NAME)";
				SWIFT_EMIT_LOC_STRINGS = YES;
				SWIFT_VERSION = 5.0;
				TARGETED_DEVICE_FAMILY = "1,2";
			};
			name = Release;
		};
/* End XCBuildConfiguration section */

/* Begin XCConfigurationList section */
		5B24DF3A288E70AF0092A150 /* Build configuration list for PBXProject "SocialNetClientSwiftUI" */ = {
			isa = XCConfigurationList;
			buildConfigurations = (
				5B24DF4B288E70B00092A150 /* Debug */,
				5B24DF4C288E70B00092A150 /* Release */,
			);
			defaultConfigurationIsVisible = 0;
			defaultConfigurationName = Release;
		};
		5B24DF4D288E70B00092A150 /* Build configuration list for PBXNativeTarget "SocialNetClientSwiftUI" */ = {
			isa = XCConfigurationList;
			buildConfigurations = (
				5B24DF4E288E70B00092A150 /* Debug */,
				5B24DF4F288E70B00092A150 /* Release */,
			);
			defaultConfigurationIsVisible = 0;
			defaultConfigurationName = Release;
		};
/* End XCConfigurationList section */
	};
	rootObject = 5B24DF37288E70AF0092A150 /* Project object */;
}
